
Microsoft Visual Studio Solution File, Format Version 12.00
# Visual Studio Version 16
VisualStudioVersion = 16.0.31702.278
MinimumVisualStudioVersion = 10.0.40219.1
Project("{FAE04EC0-301F-11D3-BF4B-00C04F79EFBC}") = "Auth0XamForms.Android", "Auth0XamForms\Auth0XamForms.Android\Auth0XamForms.Android.csproj", "{8041E441-B30A-4898-BBD1-0731ACFC14CD}"
EndProject
Project("{FAE04EC0-301F-11D3-BF4B-00C04F79EFBC}") = "Auth0XamForms.iOS", "Auth0XamForms\Auth0XamForms.iOS\Auth0XamForms.iOS.csproj", "{8F444675-3648-4A93-A26A-FEF8B2CB45C9}"
EndProject
Project("{9A19103F-16F7-4668-BE54-9A1E7A4F7556}") = "Auth0XamForms", "Auth0XamForms\Auth0XamForms\Auth0XamForms.csproj", "{746EC1FD-B3B7-4A13-8E95-406C5B8C36E9}"
EndProject
Project("{2150E333-8FDC-42A3-9474-1A3956D46DE8}") = "Solution Items", "Solution Items", "{41262141-A204-4FC6-AE6B-B39CC538F428}"
	ProjectSection(SolutionItems) = preProject
		README.md = README.md
	EndProjectSection
EndProject
Global
	GlobalSection(SolutionConfigurationPlatforms) = preSolution
		Debug|Any CPU = Debug|Any CPU
		Debug|iPhone = Debug|iPhone
		Debug|iPhoneSimulator = Debug|iPhoneSimulator
		Release|Any CPU = Release|Any CPU
		Release|iPhone = Release|iPhone
		Release|iPhoneSimulator = Release|iPhoneSimulator
	EndGlobalSection
	GlobalSection(ProjectConfigurationPlatforms) = postSolution
		{8041E441-B30A-4898-BBD1-0731ACFC14CD}.Debug|Any CPU.ActiveCfg = Debug|Any CPU
		{8041E441-B30A-4898-BBD1-0731ACFC14CD}.Debug|Any CPU.Build.0 = Debug|Any CPU
		{8041E441-B30A-4898-BBD1-0731ACFC14CD}.Debug|Any CPU.Deploy.0 = Debug|Any CPU
		{8041E441-B30A-4898-BBD1-0731ACFC14CD}.Debug|iPhone.ActiveCfg = Debug|Any CPU
		{8041E441-B30A-4898-BBD1-0731ACFC14CD}.Debug|iPhone.Build.0 = Debug|Any CPU
		{8041E441-B30A-4898-BBD1-0731ACFC14CD}.Debug|iPhone.Deploy.0 = Debug|Any CPU
		{8041E441-B30A-4898-BBD1-0731ACFC14CD}.Debug|iPhoneSimulator.ActiveCfg = Debug|Any CPU
		{8041E441-B30A-4898-BBD1-0731ACFC14CD}.Debug|iPhoneSimulator.Build.0 = Debug|Any CPU
		{8041E441-B30A-4898-BBD1-0731ACFC14CD}.Debug|iPhoneSimulator.Deploy.0 = Debug|Any CPU
		{8041E441-B30A-4898-BBD1-0731ACFC14CD}.Release|Any CPU.ActiveCfg = Release|Any CPU
		{8041E441-B30A-4898-BBD1-0731ACFC14CD}.Release|Any CPU.Build.0 = Release|Any CPU
		{8041E441-B30A-4898-BBD1-0731ACFC14CD}.Release|Any CPU.Deploy.0 = Release|Any CPU
		{8041E441-B30A-4898-BBD1-0731ACFC14CD}.Release|iPhone.ActiveCfg = Release|Any CPU
		{8041E441-B30A-4898-BBD1-0731ACFC14CD}.Release|iPhone.Build.0 = Release|Any CPU
		{8041E441-B30A-4898-BBD1-0731ACFC14CD}.Release|iPhone.Deploy.0 = Release|Any CPU
		{8041E441-B30A-4898-BBD1-0731ACFC14CD}.Release|iPhoneSimulator.ActiveCfg = Release|Any CPU
		{8041E441-B30A-4898-BBD1-0731ACFC14CD}.Release|iPhoneSimulator.Build.0 = Release|Any CPU
		{8041E441-B30A-4898-BBD1-0731ACFC14CD}.Release|iPhoneSimulator.Deploy.0 = Release|Any CPU
		{8F444675-3648-4A93-A26A-FEF8B2CB45C9}.Debug|Any CPU.ActiveCfg = Debug|iPhone
		{8F444675-3648-4A93-A26A-FEF8B2CB45C9}.Debug|Any CPU.Build.0 = Debug|iPhone
		{8F444675-3648-4A93-A26A-FEF8B2CB45C9}.Debug|Any CPU.Deploy.0 = Debug|iPhone
		{8F444675-3648-4A93-A26A-FEF8B2CB45C9}.Debug|iPhone.ActiveCfg = Debug|iPhone
		{8F444675-3648-4A93-A26A-FEF8B2CB45C9}.Debug|iPhone.Build.0 = Debug|iPhone
		{8F444675-3648-4A93-A26A-FEF8B2CB45C9}.Debug|iPhone.Deploy.0 = Debug|iPhone
		{8F444675-3648-4A93-A26A-FEF8B2CB45C9}.Debug|iPhoneSimulator.ActiveCfg = Debug|iPhoneSimulator
		{8F444675-3648-4A93-A26A-FEF8B2CB45C9}.Debug|iPhoneSimulator.Build.0 = Debug|iPhoneSimulator
		{8F444675-3648-4A93-A26A-FEF8B2CB45C9}.Debug|iPhoneSimulator.Deploy.0 = Debug|iPhoneSimulator
		{8F444675-3648-4A93-A26A-FEF8B2CB45C9}.Release|Any CPU.ActiveCfg = Release|iPhoneSimulator
		{8F444675-3648-4A93-A26A-FEF8B2CB45C9}.Release|Any CPU.Build.0 = Release|iPhoneSimulator
		{8F444675-3648-4A93-A26A-FEF8B2CB45C9}.Release|Any CPU.Deploy.0 = Release|iPhoneSimulator
		{8F444675-3648-4A93-A26A-FEF8B2CB45C9}.Release|iPhone.ActiveCfg = Release|iPhone
		{8F444675-3648-4A93-A26A-FEF8B2CB45C9}.Release|iPhone.Build.0 = Release|iPhone
		{8F444675-3648-4A93-A26A-FEF8B2CB45C9}.Release|iPhone.Deploy.0 = Release|iPhone
		{8F444675-3648-4A93-A26A-FEF8B2CB45C9}.Release|iPhoneSimulator.ActiveCfg = Release|iPhoneSimulator
		{8F444675-3648-4A93-A26A-FEF8B2CB45C9}.Release|iPhoneSimulator.Build.0 = Release|iPhoneSimulator
		{8F444675-3648-4A93-A26A-FEF8B2CB45C9}.Release|iPhoneSimulator.Deploy.0 = Release|iPhoneSimulator
		{746EC1FD-B3B7-4A13-8E95-406C5B8C36E9}.Debug|Any CPU.ActiveCfg = Debug|Any CPU
		{746EC1FD-B3B7-4A13-8E95-406C5B8C36E9}.Debug|Any CPU.Build.0 = Debug|Any CPU
		{746EC1FD-B3B7-4A13-8E95-406C5B8C36E9}.Debug|Any CPU.Deploy.0 = Debug|Any CPU
		{746EC1FD-B3B7-4A13-8E95-406C5B8C36E9}.Debug|iPhone.ActiveCfg = Debug|Any CPU
		{746EC1FD-B3B7-4A13-8E95-406C5B8C36E9}.Debug|iPhone.Build.0 = Debug|Any CPU
		{746EC1FD-B3B7-4A13-8E95-406C5B8C36E9}.Debug|iPhone.Deploy.0 = Debug|Any CPU
		{746EC1FD-B3B7-4A13-8E95-406C5B8C36E9}.Debug|iPhoneSimulator.ActiveCfg = Debug|Any CPU
		{746EC1FD-B3B7-4A13-8E95-406C5B8C36E9}.Debug|iPhoneSimulator.Build.0 = Debug|Any CPU
		{746EC1FD-B3B7-4A13-8E95-406C5B8C36E9}.Debug|iPhoneSimulator.Deploy.0 = Debug|Any CPU
		{746EC1FD-B3B7-4A13-8E95-406C5B8C36E9}.Release|Any CPU.ActiveCfg = Release|Any CPU
		{746EC1FD-B3B7-4A13-8E95-406C5B8C36E9}.Release|Any CPU.Build.0 = Release|Any CPU
		{746EC1FD-B3B7-4A13-8E95-406C5B8C36E9}.Release|Any CPU.Deploy.0 = Release|Any CPU
		{746EC1FD-B3B7-4A13-8E95-406C5B8C36E9}.Release|iPhone.ActiveCfg = Release|Any CPU
		{746EC1FD-B3B7-4A13-8E95-406C5B8C36E9}.Release|iPhone.Build.0 = Release|Any CPU
		{746EC1FD-B3B7-4A13-8E95-406C5B8C36E9}.Release|iPhone.Deploy.0 = Release|Any CPU
		{746EC1FD-B3B7-4A13-8E95-406C5B8C36E9}.Release|iPhoneSimulator.ActiveCfg = Release|Any CPU
		{746EC1FD-B3B7-4A13-8E95-406C5B8C36E9}.Release|iPhoneSimulator.Build.0 = Release|Any CPU
		{746EC1FD-B3B7-4A13-8E95-406C5B8C36E9}.Release|iPhoneSimulator.Deploy.0 = Release|Any CPU
	EndGlobalSection
	GlobalSection(SolutionProperties) = preSolution
		HideSolutionNode = FALSE
	EndGlobalSection
	GlobalSection(ExtensibilityGlobals) = postSolution
		SolutionGuid = {3D520AEB-2C90-4E6E-9DE5-B28FC37CBF12}
	EndGlobalSection
EndGlobal
